{
  "name": "p3",
  "lockfileVersion": 3,
  "requires": true,
  "packages": {
    "": {
      "dependencies": {
        "connect-redis": "^6.1.3"
      }
    },
    "node_modules/connect-redis": {
      "version": "6.1.3",
      "resolved": "https://registry.npmjs.org/connect-redis/-/connect-redis-6.1.3.tgz",
      "integrity": "sha512-aaNluLlAn/3JPxRwdzw7lhvEoU6Enb+d83xnokUNhC9dktqBoawKWL+WuxinxvBLTz6q9vReTnUDnUslaz74aw==",
      "license": "MIT",
      "engines": {
        "node": ">=12"
      }
    }
  }
}
